
Microsoft Visual Studio Solution File, Format Version 12.00
# Visual Studio Version 17
VisualStudioVersion = 17.7.34031.279
MinimumVisualStudioVersion = 10.0.40219.1
Project("{9A19103F-16F7-4668-BE54-9A1E7A4F7556}") = "CatalogExplorer", "CatalogExplorer\CatalogExplorer.csproj", "{8CEAC26A-004F-4C28-868D-7A0DF9D1CF36}"
EndProject
Project("{9A19103F-16F7-4668-BE54-9A1E7A4F7556}") = "BLL", "BLL\BLL.csproj", "{831B15FE-C7CA-4447-9ABE-46919BECA371}"
	ProjectSection(ProjectDependencies) = postProject
		{CCB95E2F-1584-458D-AA7B-AC3C60BE740F} = {CCB95E2F-1584-458D-AA7B-AC3C60BE740F}
	EndProjectSection
EndProject
Project("{9A19103F-16F7-4668-BE54-9A1E7A4F7556}") = "Core", "Core\Core.csproj", "{DF51C4C0-0932-498D-9665-0BDBE6C19914}"
EndProject
Project("{9A19103F-16F7-4668-BE54-9A1E7A4F7556}") = "DAL", "DAL\DAL.csproj", "{CCB95E2F-1584-458D-AA7B-AC3C60BE740F}"
EndProject
Global
	GlobalSection(SolutionConfigurationPlatforms) = preSolution
		Debug|Any CPU = Debug|Any CPU
		Release|Any CPU = Release|Any CPU
	EndGlobalSection
	GlobalSection(ProjectConfigurationPlatforms) = postSolution
		{8CEAC26A-004F-4C28-868D-7A0DF9D1CF36}.Debug|Any CPU.ActiveCfg = Debug|Any CPU
		{8CEAC26A-004F-4C28-868D-7A0DF9D1CF36}.Debug|Any CPU.Build.0 = Debug|Any CPU
		{8CEAC26A-004F-4C28-868D-7A0DF9D1CF36}.Release|Any CPU.ActiveCfg = Release|Any CPU
		{8CEAC26A-004F-4C28-868D-7A0DF9D1CF36}.Release|Any CPU.Build.0 = Release|Any CPU
		{831B15FE-C7CA-4447-9ABE-46919BECA371}.Debug|Any CPU.ActiveCfg = Debug|Any CPU
		{831B15FE-C7CA-4447-9ABE-46919BECA371}.Debug|Any CPU.Build.0 = Debug|Any CPU
		{831B15FE-C7CA-4447-9ABE-46919BECA371}.Release|Any CPU.ActiveCfg = Release|Any CPU
		{831B15FE-C7CA-4447-9ABE-46919BECA371}.Release|Any CPU.Build.0 = Release|Any CPU
		{DF51C4C0-0932-498D-9665-0BDBE6C19914}.Debug|Any CPU.ActiveCfg = Debug|Any CPU
		{DF51C4C0-0932-498D-9665-0BDBE6C19914}.Debug|Any CPU.Build.0 = Debug|Any CPU
		{DF51C4C0-0932-498D-9665-0BDBE6C19914}.Release|Any CPU.ActiveCfg = Release|Any CPU
		{DF51C4C0-0932-498D-9665-0BDBE6C19914}.Release|Any CPU.Build.0 = Release|Any CPU
		{CCB95E2F-1584-458D-AA7B-AC3C60BE740F}.Debug|Any CPU.ActiveCfg = Debug|Any CPU
		{CCB95E2F-1584-458D-AA7B-AC3C60BE740F}.Debug|Any CPU.Build.0 = Debug|Any CPU
		{CCB95E2F-1584-458D-AA7B-AC3C60BE740F}.Release|Any CPU.ActiveCfg = Release|Any CPU
		{CCB95E2F-1584-458D-AA7B-AC3C60BE740F}.Release|Any CPU.Build.0 = Release|Any CPU
	EndGlobalSection
	GlobalSection(SolutionProperties) = preSolution
		HideSolutionNode = FALSE
	EndGlobalSection
	GlobalSection(ExtensibilityGlobals) = postSolution
		SolutionGuid = {6EB72C7E-137A-4A8E-96DD-541031EAA734}
	EndGlobalSection
EndGlobal
